
Microsoft Visual Studio Solution File, Format Version 12.00
# Visual Studio Version 17
VisualStudioVersion = 17.8.34330.188
MinimumVisualStudioVersion = 10.0.40219.1
Project("{FAE04EC0-301F-11D3-BF4B-00C04F79EFBC}") = "ActiveProcess", "ActiveProcess\ActiveProcess.csproj", "{4FEB7593-E3EF-44B4-AFB1-D5B8B85C40E2}"
EndProject
Global
	GlobalSection(SolutionConfigurationPlatforms) = preSolution
		Debug|Any CPU = Debug|Any CPU
		Release|Any CPU = Release|Any CPU
	EndGlobalSection
	GlobalSection(ProjectConfigurationPlatforms) = postSolution
		{4FEB7593-E3EF-44B4-AFB1-D5B8B85C40E2}.Debug|Any CPU.ActiveCfg = Debug|Any CPU
		{4FEB7593-E3EF-44B4-AFB1-D5B8B85C40E2}.Debug|Any CPU.Build.0 = Debug|Any CPU
		{4FEB7593-E3EF-44B4-AFB1-D5B8B85C40E2}.Release|Any CPU.ActiveCfg = Release|Any CPU
		{4FEB7593-E3EF-44B4-AFB1-D5B8B85C40E2}.Release|Any CPU.Build.0 = Release|Any CPU
	EndGlobalSection
	GlobalSection(SolutionProperties) = preSolution
		HideSolutionNode = FALSE
	EndGlobalSection
	GlobalSection(ExtensibilityGlobals) = postSolution
		SolutionGuid = {5FD2C1F0-1585-4164-957F-4C9665C36A3B}
	EndGlobalSection
EndGlobal
